
Microsoft Visual Studio Solution File, Format Version 12.00
# Visual Studio 15
VisualStudioVersion = 15.0.27004.2005
MinimumVisualStudioVersion = 10.0.40219.1
Project("{FAE04EC0-301F-11D3-BF4B-00C04F79EFBC}") = "OpenTK_Sample", "OpenTK_Sample\OpenTK_Sample.csproj", "{37552F2C-9277-478E-9AF1-04A9FD63580E}"
EndProject
Global
	GlobalSection(SolutionConfigurationPlatforms) = preSolution
		Debug|Any CPU = Debug|Any CPU
		Release|Any CPU = Release|Any CPU
	EndGlobalSection
	GlobalSection(ProjectConfigurationPlatforms) = postSolution
		{37552F2C-9277-478E-9AF1-04A9FD63580E}.Debug|Any CPU.ActiveCfg = Debug|Any CPU
		{37552F2C-9277-478E-9AF1-04A9FD63580E}.Debug|Any CPU.Build.0 = Debug|Any CPU
		{37552F2C-9277-478E-9AF1-04A9FD63580E}.Release|Any CPU.ActiveCfg = Release|Any CPU
		{37552F2C-9277-478E-9AF1-04A9FD63580E}.Release|Any CPU.Build.0 = Release|Any CPU
	EndGlobalSection
	GlobalSection(SolutionProperties) = preSolution
		HideSolutionNode = FALSE
	EndGlobalSection
	GlobalSection(ExtensibilityGlobals) = postSolution
		SolutionGuid = {08B8843B-9916-4289-8387-1C6E24B38EBD}
	EndGlobalSection
EndGlobal
